// !$*UTF8*$!
{
	archiveVersion = 1;
	classes = {
	};
	objectVersion = 50;
	objects = {

/* Begin PBXBuildFile section */
		AF23B4E025A8B72F00723200 /* game.swift in Sources */ = {isa = PBXBuildFile; fileRef = AF23B4DF25A8B72F00723200 /* game.swift */; };
		AFD639E925A4B796005D5A2C /* AppDelegate.swift in Sources */ = {isa = PBXBuildFile; fileRef = AFD639E825A4B796005D5A2C /* AppDelegate.swift */; };
		AFD639EB25A4B796005D5A2C /* SceneDelegate.swift in Sources */ = {isa = PBXBuildFile; fileRef = AFD639EA25A4B796005D5A2C /* SceneDelegate.swift */; };
		AFD639ED25A4B796005D5A2C /* ContentView.swift in Sources */ = {isa = PBXBuildFile; fileRef = AFD639EC25A4B796005D5A2C /* ContentView.swift */; };
		AFD639EF25A4B797005D5A2C /* Assets.xcassets in Resources */ = {isa = PBXBuildFile; fileRef = AFD639EE25A4B797005D5A2C /* Assets.xcassets */; };
		AFD639F225A4B797005D5A2C /* Preview Assets.xcassets in Resources */ = {isa = PBXBuildFile; fileRef = AFD639F125A4B797005D5A2C /* Preview Assets.xcassets */; };
		AFD639F525A4B797005D5A2C /* LaunchScreen.storyboard in Resources */ = {isa = PBXBuildFile; fileRef = AFD639F325A4B797005D5A2C /* LaunchScreen.storyboard */; };
		AFFDA24C25ACA5B200DF2BF2 /* Tests.swift in Sources */ = {isa = PBXBuildFile; fileRef = AFFDA24B25ACA5B200DF2BF2 /* Tests.swift */; };
/* End PBXBuildFile section */

/* Begin PBXContainerItemProxy section */
		AFFDA24E25ACA5B200DF2BF2 /* PBXContainerItemProxy */ = {
			isa = PBXContainerItemProxy;
			containerPortal = AFD639DD25A4B796005D5A2C /* Project object */;
			proxyType = 1;
			remoteGlobalIDString = AFD639E425A4B796005D5A2C;
			remoteInfo = Bullseye;
		};
/* End PBXContainerItemProxy section */

/* Begin PBXFileReference section */
		AF23B4DF25A8B72F00723200 /* game.swift */ = {isa = PBXFileReference; lastKnownFileType = sourcecode.swift; path = game.swift; sourceTree = "<group>"; };
		AFD639E525A4B796005D5A2C /* Bullseye.app */ = {isa = PBXFileReference; explicitFileType = wrapper.application; includeInIndex = 0; path = Bullseye.app; sourceTree = BUILT_PRODUCTS_DIR; };
		AFD639E825A4B796005D5A2C /* AppDelegate.swift */ = {isa = PBXFileReference; lastKnownFileType = sourcecode.swift; path = AppDelegate.swift; sourceTree = "<group>"; };
		AFD639EA25A4B796005D5A2C /* SceneDelegate.swift */ = {isa = PBXFileReference; lastKnownFileType = sourcecode.swift; path = SceneDelegate.swift; sourceTree = "<group>"; };
		AFD639EC25A4B796005D5A2C /* ContentView.swift */ = {isa = PBXFileReference; lastKnownFileType = sourcecode.swift; path = ContentView.swift; sourceTree = "<group>"; };
		AFD639EE25A4B797005D5A2C /* Assets.xcassets */ = {isa = PBXFileReference; lastKnownFileType = folder.assetcatalog; path = Assets.xcassets; sourceTree = "<group>"; };
		AFD639F125A4B797005D5A2C /* Preview Assets.xcassets */ = {isa = PBXFileReference; lastKnownFileType = folder.assetcatalog; path = "Preview Assets.xcassets"; sourceTree = "<group>"; };
		AFD639F425A4B797005D5A2C /* Base */ = {isa = PBXFileReference; lastKnownFileType = file.storyboard; name = Base; path = Base.lproj/LaunchScreen.storyboard; sourceTree = "<group>"; };
		AFD639F625A4B797005D5A2C /* Info.plist */ = {isa = PBXFileReference; lastKnownFileType = text.plist.xml; path = Info.plist; sourceTree = "<group>"; };
		AFFDA24925ACA5B200DF2BF2 /* Tests.xctest */ = {isa = PBXFileReference; explicitFileType = wrapper.cfbundle; includeInIndex = 0; path = Tests.xctest; sourceTree = BUILT_PRODUCTS_DIR; };
		AFFDA24B25ACA5B200DF2BF2 /* Tests.swift */ = {isa = PBXFileReference; lastKnownFileType = sourcecode.swift; path = Tests.swift; sourceTree = "<group>"; };
		AFFDA24D25ACA5B200DF2BF2 /* Info.plist */ = {isa = PBXFileReference; lastKnownFileType = text.plist.xml; path = Info.plist; sourceTree = "<group>"; };
/* End PBXFileReference section */

/* Begin PBXFrameworksBuildPhase section */
		AFD639E225A4B796005D5A2C /* Frameworks */ = {
			isa = PBXFrameworksBuildPhase;
			buildActionMask = 2147483647;
			files = (
			);
			runOnlyForDeploymentPostprocessing = 0;
		};
		AFFDA24625ACA5B200DF2BF2 /* Frameworks */ = {
			isa = PBXFrameworksBuildPhase;
			buildActionMask = 2147483647;
			files = (
			);
			runOnlyForDeploymentPostprocessing = 0;
		};
/* End PBXFrameworksBuildPhase section */

/* Begin PBXGroup section */
		AF23B4DB25A8B46D00723200 /* Models */ = {
			isa = PBXGroup;
			children = (
				AF23B4DD25A8B52100723200 /* App */,
				AF23B4DF25A8B72F00723200 /* game.swift */,
			);
			path = Models;
			sourceTree = "<group>";
		};
		AF23B4DC25A8B4A800723200 /* Views */ = {
			isa = PBXGroup;
			children = (
				AFD639EC25A4B796005D5A2C /* ContentView.swift */,
			);
			path = Views;
			sourceTree = "<group>";
		};
		AF23B4DD25A8B52100723200 /* App */ = {
			isa = PBXGroup;
			children = (
				AFD639EE25A4B797005D5A2C /* Assets.xcassets */,
				AFD639F325A4B797005D5A2C /* LaunchScreen.storyboard */,
				AFD639F625A4B797005D5A2C /* Info.plist */,
			);
			path = App;
			sourceTree = "<group>";
		};
		AFD639DC25A4B796005D5A2C = {
			isa = PBXGroup;
			children = (
				AFD639E725A4B796005D5A2C /* Bullseye */,
				AFFDA24A25ACA5B200DF2BF2 /* Tests */,
				AFD639E625A4B796005D5A2C /* Products */,
			);
			sourceTree = "<group>";
		};
		AFD639E625A4B796005D5A2C /* Products */ = {
			isa = PBXGroup;
			children = (
				AFD639E525A4B796005D5A2C /* Bullseye.app */,
				AFFDA24925ACA5B200DF2BF2 /* Tests.xctest */,
			);
			name = Products;
			sourceTree = "<group>";
		};
		AFD639E725A4B796005D5A2C /* Bullseye */ = {
			isa = PBXGroup;
			children = (
				AF23B4DB25A8B46D00723200 /* Models */,
				AF23B4DC25A8B4A800723200 /* Views */,
				AFD639E825A4B796005D5A2C /* AppDelegate.swift */,
				AFD639EA25A4B796005D5A2C /* SceneDelegate.swift */,
				AFD639F025A4B797005D5A2C /* Preview Content */,
			);
			path = Bullseye;
			sourceTree = "<group>";
		};
		AFD639F025A4B797005D5A2C /* Preview Content */ = {
			isa = PBXGroup;
			children = (
				AFD639F125A4B797005D5A2C /* Preview Assets.xcassets */,
			);
			path = "Preview Content";
			sourceTree = "<group>";
		};
		AFFDA24A25ACA5B200DF2BF2 /* Tests */ = {
			isa = PBXGroup;
			children = (
				AFFDA24B25ACA5B200DF2BF2 /* Tests.swift */,
				AFFDA24D25ACA5B200DF2BF2 /* Info.plist */,
			);
			path = Tests;
			sourceTree = "<group>";
		};
/* End PBXGroup section */

/* Begin PBXNativeTarget section */
		AFD639E425A4B796005D5A2C /* Bullseye */ = {
			isa = PBXNativeTarget;
			buildConfigurationList = AFD639F925A4B797005D5A2C /* Build configuration list for PBXNativeTarget "Bullseye" */;
			buildPhases = (
				AFD639E125A4B796005D5A2C /* Sources */,
				AFD639E225A4B796005D5A2C /* Frameworks */,
				AFD639E325A4B796005D5A2C /* Resources */,
			);
			buildRules = (
			);
			dependencies = (
			);
			name = Bullseye;
			productName = Bullseye;
			productReference = AFD639E525A4B796005D5A2C /* Bullseye.app */;
			productType = "com.apple.product-type.application";
		};
		AFFDA24825ACA5B200DF2BF2 /* Tests */ = {
			isa = PBXNativeTarget;
			buildConfigurationList = AFFDA25225ACA5B200DF2BF2 /* Build configuration list for PBXNativeTarget "Tests" */;
			buildPhases = (
				AFFDA24525ACA5B200DF2BF2 /* Sources */,
				AFFDA24625ACA5B200DF2BF2 /* Frameworks */,
				AFFDA24725ACA5B200DF2BF2 /* Resources */,
			);
			buildRules = (
			);
			dependencies = (
				AFFDA24F25ACA5B200DF2BF2 /* PBXTargetDependency */,
			);
			name = Tests;
			productName = Tests;
			productReference = AFFDA24925ACA5B200DF2BF2 /* Tests.xctest */;
			productType = "com.apple.product-type.bundle.unit-test";
		};
/* End PBXNativeTarget section */

/* Begin PBXProject section */
		AFD639DD25A4B796005D5A2C /* Project object */ = {
			isa = PBXProject;
			attributes = {
				LastSwiftUpdateCheck = 1230;
				LastUpgradeCheck = 1220;
				TargetAttributes = {
					AFD639E425A4B796005D5A2C = {
						CreatedOnToolsVersion = 12.2;
					};
					AFFDA24825ACA5B200DF2BF2 = {
						CreatedOnToolsVersion = 12.3;
						TestTargetID = AFD639E425A4B796005D5A2C;
					};
				};
			};
			buildConfigurationList = AFD639E025A4B796005D5A2C /* Build configuration list for PBXProject "Bullseye" */;
			compatibilityVersion = "Xcode 9.3";
			developmentRegion = en;
			hasScannedForEncodings = 0;
			knownRegions = (
				en,
				Base,
			);
			mainGroup = AFD639DC25A4B796005D5A2C;
			productRefGroup = AFD639E625A4B796005D5A2C /* Products */;
			projectDirPath = "";
			projectRoot = "";
			targets = (
				AFD639E425A4B796005D5A2C /* Bullseye */,
				AFFDA24825ACA5B200DF2BF2 /* Tests */,
			);
		};
/* End PBXProject section */

/* Begin PBXResourcesBuildPhase section */
		AFD639E325A4B796005D5A2C /* Resources */ = {
			isa = PBXResourcesBuildPhase;
			buildActionMask = 2147483647;
			files = (
				AFD639F525A4B797005D5A2C /* LaunchScreen.storyboard in Resources */,
				AFD639F225A4B797005D5A2C /* Preview Assets.xcassets in Resources */,
				AFD639EF25A4B797005D5A2C /* Assets.xcassets in Resources */,
			);
			runOnlyForDeploymentPostprocessing = 0;
		};
		AFFDA24725ACA5B200DF2BF2 /* Resources */ = {
			isa = PBXResourcesBuildPhase;
			buildActionMask = 2147483647;
			files = (
			);
			runOnlyForDeploymentPostprocessing = 0;
		};
/* End PBXResourcesBuildPhase section */

/* Begin PBXSourcesBuildPhase section */
		AFD639E125A4B796005D5A2C /* Sources */ = {
			isa = PBXSourcesBuildPhase;
			buildActionMask = 2147483647;
			files = (
				AFD639E925A4B796005D5A2C /* AppDelegate.swift in Sources */,
				AFD639EB25A4B796005D5A2C /* SceneDelegate.swift in Sources */,
				AFD639ED25A4B796005D5A2C /* ContentView.swift in Sources */,
				AF23B4E025A8B72F00723200 /* game.swift in Sources */,
			);
			runOnlyForDeploymentPostprocessing = 0;
		};
		AFFDA24525ACA5B200DF2BF2 /* Sources */ = {
			isa = PBXSourcesBuildPhase;
			buildActionMask = 2147483647;
			files = (
				AFFDA24C25ACA5B200DF2BF2 /* Tests.swift in Sources */,
			);
			runOnlyForDeploymentPostprocessing = 0;
		};
/* End PBXSourcesBuildPhase section */

/* Begin PBXTargetDependency section */
		AFFDA24F25ACA5B200DF2BF2 /* PBXTargetDependency */ = {
			isa = PBXTargetDependency;
			target = AFD639E425A4B796005D5A2C /* Bullseye */;
			targetProxy = AFFDA24E25ACA5B200DF2BF2 /* PBXContainerItemProxy */;
		};
/* End PBXTargetDependency section */

/* Begin PBXVariantGroup section */
		AFD639F325A4B797005D5A2C /* LaunchScreen.storyboard */ = {
			isa = PBXVariantGroup;
			children = (
				AFD639F425A4B797005D5A2C /* Base */,
			);
			name = LaunchScreen.storyboard;
			sourceTree = "<group>";
		};
/* End PBXVariantGroup section */

/* Begin XCBuildConfiguration section */
		AFD639F725A4B797005D5A2C /* Debug */ = {
			isa = XCBuildConfiguration;
			buildSettings = {
				ALWAYS_SEARCH_USER_PATHS = NO;
				CLANG_ANALYZER_NONNULL = YES;
				CLANG_ANALYZER_NUMBER_OBJECT_CONVERSION = YES_AGGRESSIVE;
				CLANG_CXX_LANGUAGE_STANDARD = "gnu++14";
				CLANG_CXX_LIBRARY = "libc++";
				CLANG_ENABLE_MODULES = YES;
				CLANG_ENABLE_OBJC_ARC = YES;
				CLANG_ENABLE_OBJC_WEAK = YES;
				CLANG_WARN_BLOCK_CAPTURE_AUTORELEASING = YES;
				CLANG_WARN_BOOL_CONVERSION = YES;
				CLANG_WARN_COMMA = YES;
				CLANG_WARN_CONSTANT_CONVERSION = YES;
				CLANG_WARN_DEPRECATED_OBJC_IMPLEMENTATIONS = YES;
				CLANG_WARN_DIRECT_OBJC_ISA_USAGE = YES_ERROR;
				CLANG_WARN_DOCUMENTATION_COMMENTS = YES;
				CLANG_WARN_EMPTY_BODY = YES;
				CLANG_WARN_ENUM_CONVERSION = YES;
				CLANG_WARN_INFINITE_RECURSION = YES;
				CLANG_WARN_INT_CONVERSION = YES;
				CLANG_WARN_NON_LITERAL_NULL_CONVERSION = YES;
				CLANG_WARN_OBJC_IMPLICIT_RETAIN_SELF = YES;
				CLANG_WARN_OBJC_LITERAL_CONVERSION = YES;
				CLANG_WARN_OBJC_ROOT_CLASS = YES_ERROR;
				CLANG_WARN_QUOTED_INCLUDE_IN_FRAMEWORK_HEADER = YES;
				CLANG_WARN_RANGE_LOOP_ANALYSIS = YES;
				CLANG_WARN_STRICT_PROTOTYPES = YES;
				CLANG_WARN_SUSPICIOUS_MOVE = YES;
				CLANG_WARN_UNGUARDED_AVAILABILITY = YES_AGGRESSIVE;
				CLANG_WARN_UNREACHABLE_CODE = YES;
				CLANG_WARN__DUPLICATE_METHOD_MATCH = YES;
				COPY_PHASE_STRIP = NO;
				DEBUG_INFORMATION_FORMAT = dwarf;
				ENABLE_STRICT_OBJC_MSGSEND = YES;
				ENABLE_TESTABILITY = YES;
				GCC_C_LANGUAGE_STANDARD = gnu11;
				GCC_DYNAMIC_NO_PIC = NO;
				GCC_NO_COMMON_BLOCKS = YES;
				GCC_OPTIMIZATION_LEVEL = 0;
				GCC_PREPROCESSOR_DEFINITIONS = (
					"DEBUG=1",
					"$(inherited)",
				);
				GCC_WARN_64_TO_32_BIT_CONVERSION = YES;
				GCC_WARN_ABOUT_RETURN_TYPE = YES_ERROR;
				GCC_WARN_UNDECLARED_SELECTOR = YES;
				GCC_WARN_UNINITIALIZED_AUTOS = YES_AGGRESSIVE;
				GCC_WARN_UNUSED_FUNCTION = YES;
				GCC_WARN_UNUSED_VARIABLE = YES;
				IPHONEOS_DEPLOYMENT_TARGET = 14.2;
				MTL_ENABLE_DEBUG_INFO = INCLUDE_SOURCE;
				MTL_FAST_MATH = YES;
				ONLY_ACTIVE_ARCH = YES;
				SDKROOT = iphoneos;
				SWIFT_ACTIVE_COMPILATION_CONDITIONS = DEBUG;
				SWIFT_OPTIMIZATION_LEVEL = "-Onone";
			};
			name = Debug;
		};
		AFD639F825A4B797005D5A2C /* Release */ = {
			isa = XCBuildConfiguration;
			buildSettings = {
				ALWAYS_SEARCH_USER_PATHS = NO;
				CLANG_ANALYZER_NONNULL = YES;
				CLANG_ANALYZER_NUMBER_OBJECT_CONVERSION = YES_AGGRESSIVE;
				CLANG_CXX_LANGUAGE_STANDARD = "gnu++14";
				CLANG_CXX_LIBRARY = "libc++";
				CLANG_ENABLE_MODULES = YES;
				CLANG_ENABLE_OBJC_ARC = YES;
				CLANG_ENABLE_OBJC_WEAK = YES;
				CLANG_WARN_BLOCK_CAPTURE_AUTORELEASING = YES;
				CLANG_WARN_BOOL_CONVERSION = YES;
				CLANG_WARN_COMMA = YES;
				CLANG_WARN_CONSTANT_CONVERSION = YES;
				CLANG_WARN_DEPRECATED_OBJC_IMPLEMENTATIONS = YES;
				CLANG_WARN_DIRECT_OBJC_ISA_USAGE = YES_ERROR;
				CLANG_WARN_DOCUMENTATION_COMMENTS = YES;
				CLANG_WARN_EMPTY_BODY = YES;
				CLANG_WARN_ENUM_CONVERSION = YES;
				CLANG_WARN_INFINITE_RECURSION = YES;
				CLANG_WARN_INT_CONVERSION = YES;
				CLANG_WARN_NON_LITERAL_NULL_CONVERSION = YES;
				CLANG_WARN_OBJC_IMPLICIT_RETAIN_SELF = YES;
				CLANG_WARN_OBJC_LITERAL_CONVERSION = YES;
				CLANG_WARN_OBJC_ROOT_CLASS = YES_ERROR;
				CLANG_WARN_QUOTED_INCLUDE_IN_FRAMEWORK_HEADER = YES;
				CLANG_WARN_RANGE_LOOP_ANALYSIS = YES;
				CLANG_WARN_STRICT_PROTOTYPES = YES;
				CLANG_WARN_SUSPICIOUS_MOVE = YES;
				CLANG_WARN_UNGUARDED_AVAILABILITY = YES_AGGRESSIVE;
				CLANG_WARN_UNREACHABLE_CODE = YES;
				CLANG_WARN__DUPLICATE_METHOD_MATCH = YES;
				COPY_PHASE_STRIP = NO;
				DEBUG_INFORMATION_FORMAT = "dwarf-with-dsym";
				ENABLE_NS_ASSERTIONS = NO;
				ENABLE_STRICT_OBJC_MSGSEND = YES;
				GCC_C_LANGUAGE_STANDARD = gnu11;
				GCC_NO_COMMON_BLOCKS = YES;
				GCC_WARN_64_TO_32_BIT_CONVERSION = YES;
				GCC_WARN_ABOUT_RETURN_TYPE = YES_ERROR;
				GCC_WARN_UNDECLARED_SELECTOR = YES;
				GCC_WARN_UNINITIALIZED_AUTOS = YES_AGGRESSIVE;
				GCC_WARN_UNUSED_FUNCTION = YES;
				GCC_WARN_UNUSED_VARIABLE = YES;
				IPHONEOS_DEPLOYMENT_TARGET = 14.2;
				MTL_ENABLE_DEBUG_INFO = NO;
				MTL_FAST_MATH = YES;
				SDKROOT = iphoneos;
				SWIFT_COMPILATION_MODE = wholemodule;
				SWIFT_OPTIMIZATION_LEVEL = "-O";
				VALIDATE_PRODUCT = YES;
			};
			name = Release;
		};
		AFD639FA25A4B797005D5A2C /* Debug */ = {
			isa = XCBuildConfiguration;
			buildSettings = {
				ASSETCATALOG_COMPILER_APPICON_NAME = AppIcon;
				ASSETCATALOG_COMPILER_GLOBAL_ACCENT_COLOR_NAME = AccentColor;
				CODE_SIGN_STYLE = Automatic;
				DEVELOPMENT_ASSET_PATHS = "\"Bullseye/Preview Content\"";
				ENABLE_PREVIEWS = YES;
				INFOPLIST_FILE = bullseye/app/info.plist.;
				LD_RUNPATH_SEARCH_PATHS = (
					"$(inherited)",
					"@executable_path/Frameworks",
				);
				PRODUCT_BUNDLE_IDENTIFIER = hub.tulsatech.edu.Bullseye;
				PRODUCT_NAME = "$(TARGET_NAME)";
				SWIFT_VERSION = 5.0;
				TARGETED_DEVICE_FAMILY = "1,2";
			};
			name = Debug;
		};
		AFD639FB25A4B797005D5A2C /* Release */ = {
			isa = XCBuildConfiguration;
			buildSettings = {
				ASSETCATALOG_COMPILER_APPICON_NAME = AppIcon;
				ASSETCATALOG_COMPILER_GLOBAL_ACCENT_COLOR_NAME = AccentColor;
				CODE_SIGN_STYLE = Automatic;
				DEVELOPMENT_ASSET_PATHS = "\"Bullseye/Preview Content\"";
				ENABLE_PREVIEWS = YES;
				INFOPLIST_FILE = bullseye/app/info.plist.;
				LD_RUNPATH_SEARCH_PATHS = (
					"$(inherited)",
					"@executable_path/Frameworks",
				);
				PRODUCT_BUNDLE_IDENTIFIER = hub.tulsatech.edu.Bullseye;
				PRODUCT_NAME = "$(TARGET_NAME)";
				SWIFT_VERSION = 5.0;
				TARGETED_DEVICE_FAMILY = "1,2";
			};
			name = Release;
		};
		AFFDA25025ACA5B200DF2BF2 /* Debug */ = {
			isa = XCBuildConfiguration;
			buildSettings = {
				BUNDLE_LOADER = "$(TEST_HOST)";
				CODE_SIGN_STYLE = Automatic;
				INFOPLIST_FILE = Tests/Info.plist;
				IPHONEOS_DEPLOYMENT_TARGET = 14.3;
				LD_RUNPATH_SEARCH_PATHS = (
					"$(inherited)",
					"@executable_path/Frameworks",
					"@loader_path/Frameworks",
				);
				PRODUCT_BUNDLE_IDENTIFIER = hub.tulsatech.edu.Tests;
				PRODUCT_NAME = "$(TARGET_NAME)";
				SWIFT_VERSION = 5.0;
				TARGETED_DEVICE_FAMILY = "1,2";
				TEST_HOST = "$(BUILT_PRODUCTS_DIR)/Bullseye.app/Bullseye";
			};
			name = Debug;
		};
		AFFDA25125ACA5B200DF2BF2 /* Release */ = {
			isa = XCBuildConfiguration;
			buildSettings = {
				BUNDLE_LOADER = "$(TEST_HOST)";
				CODE_SIGN_STYLE = Automatic;
				INFOPLIST_FILE = Tests/Info.plist;
				IPHONEOS_DEPLOYMENT_TARGET = 14.3;
				LD_RUNPATH_SEARCH_PATHS = (
					"$(inherited)",
					"@executable_path/Frameworks",
					"@loader_path/Frameworks",
				);
				PRODUCT_BUNDLE_IDENTIFIER = hub.tulsatech.edu.Tests;
				PRODUCT_NAME = "$(TARGET_NAME)";
				SWIFT_VERSION = 5.0;
				TARGETED_DEVICE_FAMILY = "1,2";
				TEST_HOST = "$(BUILT_PRODUCTS_DIR)/Bullseye.app/Bullseye";
			};
			name = Release;
		};
/* End XCBuildConfiguration section */

/* Begin XCConfigurationList section */
		AFD639E025A4B796005D5A2C /* Build configuration list for PBXProject "Bullseye" */ = {
			isa = XCConfigurationList;
			buildConfigurations = (
				AFD639F725A4B797005D5A2C /* Debug */,
				AFD639F825A4B797005D5A2C /* Release */,
			);
			defaultConfigurationIsVisible = 0;
			defaultConfigurationName = Release;
		};
		AFD639F925A4B797005D5A2C /* Build configuration list for PBXNativeTarget "Bullseye" */ = {
			isa = XCConfigurationList;
			buildConfigurations = (
				AFD639FA25A4B797005D5A2C /* Debug */,
				AFD639FB25A4B797005D5A2C /* Release */,
			);
			defaultConfigurationIsVisible = 0;
			defaultConfigurationName = Release;
		};
		AFFDA25225ACA5B200DF2BF2 /* Build configuration list for PBXNativeTarget "Tests" */ = {
			isa = XCConfigurationList;
			buildConfigurations = (
				AFFDA25025ACA5B200DF2BF2 /* Debug */,
				AFFDA25125ACA5B200DF2BF2 /* Release */,
			);
			defaultConfigurationIsVisible = 0;
			defaultConfigurationName = Release;
		};
/* End XCConfigurationList section */
	};
	rootObject = AFD639DD25A4B796005D5A2C /* Project object */;
}
